
Microsoft Visual Studio Solution File, Format Version 12.00
# Visual Studio Version 16
VisualStudioVersion = 16.0.31321.278
MinimumVisualStudioVersion = 10.0.40219.1
Project("{FAE04EC0-301F-11D3-BF4B-00C04F79EFBC}") = "solar", "solar\solar.csproj", "{0D92312C-35B7-4045-9A88-107A2903D556}"
EndProject
Global
	GlobalSection(SolutionConfigurationPlatforms) = preSolution
		Debug|Any CPU = Debug|Any CPU
		Release|Any CPU = Release|Any CPU
	EndGlobalSection
	GlobalSection(ProjectConfigurationPlatforms) = postSolution
		{0D92312C-35B7-4045-9A88-107A2903D556}.Debug|Any CPU.ActiveCfg = Debug|Any CPU
		{0D92312C-35B7-4045-9A88-107A2903D556}.Debug|Any CPU.Build.0 = Debug|Any CPU
		{0D92312C-35B7-4045-9A88-107A2903D556}.Release|Any CPU.ActiveCfg = Release|Any CPU
		{0D92312C-35B7-4045-9A88-107A2903D556}.Release|Any CPU.Build.0 = Release|Any CPU
	EndGlobalSection
	GlobalSection(SolutionProperties) = preSolution
		HideSolutionNode = FALSE
	EndGlobalSection
	GlobalSection(ExtensibilityGlobals) = postSolution
		SolutionGuid = {9BFEFC1C-8688-4D72-81AD-03B9A35FABAD}
	EndGlobalSection
EndGlobal
